
Microsoft Visual Studio Solution File, Format Version 12.00
# Visual Studio 14
VisualStudioVersion = 14.0.24720.0
MinimumVisualStudioVersion = 10.0.40219.1
Project("{FAE04EC0-301F-11D3-BF4B-00C04F79EFBC}") = "Rauch", "Rauch\Rauch.csproj", "{A42BDD91-68D2-43EA-B71B-C0731CC6F9D1}"
EndProject
Project("{FAE04EC0-301F-11D3-BF4B-00C04F79EFBC}") = "Rauch.Tests", "Rauch.Tests\Rauch.Tests.csproj", "{7008068B-BA76-4796-9A76-946AD0CF56B8}"
EndProject
Global
	GlobalSection(SolutionConfigurationPlatforms) = preSolution
		Debug|Any CPU = Debug|Any CPU
		Release|Any CPU = Release|Any CPU
	EndGlobalSection
	GlobalSection(ProjectConfigurationPlatforms) = postSolution
		{A42BDD91-68D2-43EA-B71B-C0731CC6F9D1}.Debug|Any CPU.ActiveCfg = Debug|Any CPU
		{A42BDD91-68D2-43EA-B71B-C0731CC6F9D1}.Debug|Any CPU.Build.0 = Debug|Any CPU
		{A42BDD91-68D2-43EA-B71B-C0731CC6F9D1}.Release|Any CPU.ActiveCfg = Release|Any CPU
		{A42BDD91-68D2-43EA-B71B-C0731CC6F9D1}.Release|Any CPU.Build.0 = Release|Any CPU
		{7008068B-BA76-4796-9A76-946AD0CF56B8}.Debug|Any CPU.ActiveCfg = Debug|Any CPU
		{7008068B-BA76-4796-9A76-946AD0CF56B8}.Debug|Any CPU.Build.0 = Debug|Any CPU
		{7008068B-BA76-4796-9A76-946AD0CF56B8}.Release|Any CPU.ActiveCfg = Release|Any CPU
		{7008068B-BA76-4796-9A76-946AD0CF56B8}.Release|Any CPU.Build.0 = Release|Any CPU
	EndGlobalSection
	GlobalSection(SolutionProperties) = preSolution
		HideSolutionNode = FALSE
	EndGlobalSection
EndGlobal
